{
    "_meta": {
        "hash": {
            "sha256": "19db750c9ba43c74420b8398f4c1120a9797bdee8a599c2f3c2c7e8021ee681c"
        },
        "pipfile-spec": 6,
        "requires": {
            "python_version": "3.11"
        },
        "sources": [
            {
                "name": "pypi",
                "url": "https://pypi.org/simple",
                "verify_ssl": true
            }
        ]
    },
    "default": {
        "annotated-types": {
            "hashes": [
                "sha256:1f02e8b43a8fbbc3f3e0d4f0f4bfc8131bcb4eebe8849b8e5c773f3a1c582a53",
                "sha256:aff07c09a53a08bc8cfccb9c85b05f1aa9a2a6f23728d790723543408344ce89"
            ],
            "markers": "python_version >= '3.8'",
            "version": "==0.7.0"
        },
        "anyio": {
            "hashes": [
                "sha256:5aadc6a1bbb7cdb0bede386cac5e2940f5e2ff3aa20277e991cf028e0585ce94",
                "sha256:c1b2d8f46a8a812513012e1107cb0e68c17159a7a594208005a57dc776e1bdc7"
            ],
            "markers": "python_version >= '3.8'",
            "version": "==4.4.0"
        },
        "asgiref": {
            "hashes": [
                "sha256:3e1e3ecc849832fe52ccf2cb6686b7a55f82bb1d6aee72a58826471390335e47",
                "sha256:c343bd80a0bec947a9860adb4c432ffa7db769836c64238fc34bdc3fec84d590"
            ],
            "markers": "python_version >= '3.8'",
            "version": "==3.8.1"
        },
        "click": {
            "hashes": [
                "sha256:ae74fb96c20a0277a1d615f1e4d73c8414f5a98db8b799a7931d1582f3390c28",
                "sha256:ca9853ad459e787e2192211578cc907e7594e294c7ccc834310722b41b9ca6de"
            ],
            "markers": "python_version >= '3.7'",
            "version": "==8.1.7"
        },
        "colorama": {
            "hashes": [
                "sha256:08695f5cb7ed6e0531a20572697297273c47b8cae5a63ffc6d6ed5c201be6e44",
                "sha256:4f1d9991f5acc0ca119f9d443620b77f9d6b33703e51011c16baf57afb285fc6"
            ],
            "markers": "platform_system == 'Windows'",
            "version": "==0.4.6"
        },
        "dnspython": {
            "hashes": [
                "sha256:5ef3b9680161f6fa89daf8ad451b5f1a33b18ae8a1c6778cdf4b43f08c0a6e50",
                "sha256:e8f0f9c23a7b7cb99ded64e6c3a6f3e701d78f50c55e002b839dea7225cff7cc"
            ],
            "markers": "python_version >= '3.8'",
            "version": "==2.6.1"
        },
        "fastapi": {
            "hashes": [
                "sha256:510042044906b17b6d9149135d90886ade170bf615efcfb5533f568ae6d88534",
                "sha256:5402389843a3561918634eb327e86b9ae98645a9e7696bede9074449c48d610a"
            ],
            "index": "pypi",
            "markers": "python_version >= '3.8'",
            "version": "==0.109.1"
        },
        "h11": {
            "hashes": [
                "sha256:8f19fbbe99e72420ff35c00b27a34cb9937e902a8b810e2c88300c6f0a3b699d",
                "sha256:e3fe4ac4b851c468cc8363d500db52c2ead036020723024a109d37346efaa761"
            ],
            "markers": "python_version >= '3.7'",
            "version": "==0.14.0"
        },
        "idna": {
            "hashes": [
                "sha256:028ff3aadf0609c1fd278d8ea3089299412a7a8b9bd005dd08b9f8285bcb5cfc",
                "sha256:82fee1fc78add43492d3a1898bfa6d8a904cc97d8427f683ed8e798d07761aa0"
            ],
            "markers": "python_version >= '3.5'",
            "version": "==3.7"
        },
        "motor": {
            "hashes": [
                "sha256:4b1e1a0cc5116ff73be2c080a72da078f2bb719b53bc7a6bb9e9a2f7dcd421ed",
                "sha256:c89b4e4eb2e711345e91c7c9b122cb68cce0e5e869ed0387dd0acb10775e3131"
            ],
            "index": "pypi",
            "markers": "python_version >= '3.7'",
            "version": "==3.4.0"
        },
        "pydantic": {
            "hashes": [
                "sha256:6f62c13d067b0755ad1c21a34bdd06c0c12625a22b0fc09c6b149816604f7c2a",
                "sha256:73ee9fddd406dc318b885c7a2eab8a6472b68b8fb5ba8150949fc3db939f23c8"
            ],
            "markers": "python_version >= '3.8'",
            "version": "==2.8.2"
        },
        "pydantic-core": {
            "hashes": [
                "sha256:035ede2e16da7281041f0e626459bcae33ed998cca6a0a007a5ebb73414ac72d",
                "sha256:04024d270cf63f586ad41fff13fde4311c4fc13ea74676962c876d9577bcc78f",
                "sha256:0827505a5c87e8aa285dc31e9ec7f4a17c81a813d45f70b1d9164e03a813a686",
                "sha256:084659fac3c83fd674596612aeff6041a18402f1e1bc19ca39e417d554468482",
                "sha256:10d4204d8ca33146e761c79f83cc861df20e7ae9f6487ca290a97702daf56006",
                "sha256:11b71d67b4725e7e2a9f6e9c0ac1239bbc0c48cce3dc59f98635efc57d6dac83",
                "sha256:150906b40ff188a3260cbee25380e7494ee85048584998c1e66df0c7a11c17a6",
                "sha256:175873691124f3d0da55aeea1d90660a6ea7a3cfea137c38afa0a5ffabe37b88",
                "sha256:177f55a886d74f1808763976ac4efd29b7ed15c69f4d838bbd74d9d09cf6fa86",
                "sha256:19c0fa39fa154e7e0b7f82f88ef85faa2a4c23cc65aae2f5aea625e3c13c735a",
                "sha256:1eedfeb6089ed3fad42e81a67755846ad4dcc14d73698c120a82e4ccf0f1f9f6",
                "sha256:225b67a1f6d602de0ce7f6c1c3ae89a4aa25d3de9be857999e9124f15dab486a",
                "sha256:242b8feb3c493ab78be289c034a1f659e8826e2233786e36f2893a950a719bb6",
                "sha256:254ec27fdb5b1ee60684f91683be95e5133c994cc54e86a0b0963afa25c8f8a6",
                "sha256:25e9185e2d06c16ee438ed39bf62935ec436474a6ac4f9358524220f1b236e43",
                "sha256:26ab812fa0c845df815e506be30337e2df27e88399b985d0bb4e3ecfe72df31c",
                "sha256:26ca695eeee5f9f1aeeb211ffc12f10bcb6f71e2989988fda61dabd65db878d4",
                "sha256:26dc97754b57d2fd00ac2b24dfa341abffc380b823211994c4efac7f13b9e90e",
                "sha256:270755f15174fb983890c49881e93f8f1b80f0b5e3a3cc1394a255706cabd203",
                "sha256:2aafc5a503855ea5885559eae883978c9b6d8c8993d67766ee73d82e841300dd",
                "sha256:2d036c7187b9422ae5b262badb87a20a49eb6c5238b2004e96d4da1231badef1",
                "sha256:33499e85e739a4b60c9dac710c20a08dc73cb3240c9a0e22325e671b27b70d24",
                "sha256:37eee5b638f0e0dcd18d21f59b679686bbd18917b87db0193ae36f9c23c355fc",
                "sha256:38cf1c40a921d05c5edc61a785c0ddb4bed67827069f535d794ce6bcded919fc",
                "sha256:3acae97ffd19bf091c72df4d726d552c473f3576409b2a7ca36b2f535ffff4a3",
                "sha256:3c5ebac750d9d5f2706654c638c041635c385596caf68f81342011ddfa1e5598",
                "sha256:3d482efec8b7dc6bfaedc0f166b2ce349df0011f5d2f1f25537ced4cfc34fd98",
                "sha256:407653af5617f0757261ae249d3fba09504d7a71ab36ac057c938572d1bc9331",
                "sha256:40a783fb7ee353c50bd3853e626f15677ea527ae556429453685ae32280c19c2",
                "sha256:41e81317dd6a0127cabce83c0c9c3fbecceae981c8391e6f1dec88a77c8a569a",
                "sha256:41f4c96227a67a013e7de5ff8f20fb496ce573893b7f4f2707d065907bffdbd6",
                "sha256:469f29f9093c9d834432034d33f5fe45699e664f12a13bf38c04967ce233d688",
                "sha256:4745f4ac52cc6686390c40eaa01d48b18997cb130833154801a442323cc78f91",
                "sha256:4868f6bd7c9d98904b748a2653031fc9c2f85b6237009d475b1008bfaeb0a5aa",
                "sha256:4aa223cd1e36b642092c326d694d8bf59b71ddddc94cdb752bbbb1c5c91d833b",
                "sha256:4dd484681c15e6b9a977c785a345d3e378d72678fd5f1f3c0509608da24f2ac0",
                "sha256:4f2790949cf385d985a31984907fecb3896999329103df4e4983a4a41e13e840",
                "sha256:512ecfbefef6dac7bc5eaaf46177b2de58cdf7acac8793fe033b24ece0b9566c",
                "sha256:516d9227919612425c8ef1c9b869bbbee249bc91912c8aaffb66116c0b447ebd",
                "sha256:53e431da3fc53360db73eedf6f7124d1076e1b4ee4276b36fb25514544ceb4a3",
                "sha256:595ba5be69b35777474fa07f80fc260ea71255656191adb22a8c53aba4479231",
                "sha256:5b5ff4911aea936a47d9376fd3ab17e970cc543d1b68921886e7f64bd28308d1",
                "sha256:5d41e6daee2813ecceea8eda38062d69e280b39df793f5a942fa515b8ed67953",
                "sha256:5e999ba8dd90e93d57410c5e67ebb67ffcaadcea0ad973240fdfd3a135506250",
                "sha256:5f239eb799a2081495ea659d8d4a43a8f42cd1fe9ff2e7e436295c38a10c286a",
                "sha256:635fee4e041ab9c479e31edda27fcf966ea9614fff1317e280d99eb3e5ab6fe2",
                "sha256:65db0f2eefcaad1a3950f498aabb4875c8890438bc80b19362cf633b87a8ab20",
                "sha256:6b507132dcfc0dea440cce23ee2182c0ce7aba7054576efc65634f080dbe9434",
                "sha256:6b9d9bb600328a1ce523ab4f454859e9d439150abb0906c5a1983c146580ebab",
                "sha256:70c8daf4faca8da5a6d655f9af86faf6ec2e1768f4b8b9d0226c02f3d6209703",
                "sha256:77bf3ac639c1ff567ae3b47f8d4cc3dc20f9966a2a6dd2311dcc055d3d04fb8a",
                "sha256:784c1214cb6dd1e3b15dd8b91b9a53852aed16671cc3fbe4786f4f1db07089e2",
                "sha256:7eb6a0587eded33aeefea9f916899d42b1799b7b14b8f8ff2753c0ac1741edac",
                "sha256:7ed1b0132f24beeec5a78b67d9388656d03e6a7c837394f99257e2d55b461611",
                "sha256:8ad4aeb3e9a97286573c03df758fc7627aecdd02f1da04516a86dc159bf70121",
                "sha256:964faa8a861d2664f0c7ab0c181af0bea66098b1919439815ca8803ef136fc4e",
                "sha256:9dc1b507c12eb0481d071f3c1808f0529ad41dc415d0ca11f7ebfc666e66a18b",
                "sha256:9ebfef07dbe1d93efb94b4700f2d278494e9162565a54f124c404a5656d7ff09",
                "sha256:a45f84b09ac9c3d35dfcf6a27fd0634d30d183205230a0ebe8373a0e8cfa0906",
                "sha256:a4f55095ad087474999ee28d3398bae183a66be4823f753cd7d67dd0153427c9",
                "sha256:a6d511cc297ff0883bc3708b465ff82d7560193169a8b93260f74ecb0a5e08a7",
                "sha256:a8ad4c766d3f33ba8fd692f9aa297c9058970530a32c728a2c4bfd2616d3358b",
                "sha256:aa2f457b4af386254372dfa78a2eda2563680d982422641a85f271c859df1987",
                "sha256:b03f7941783b4c4a26051846dea594628b38f6940a2fdc0df00b221aed39314c",
                "sha256:b0dae11d8f5ded51699c74d9548dcc5938e0804cc8298ec0aa0da95c21fff57b",
                "sha256:b91ced227c41aa29c672814f50dbb05ec93536abf8f43cd14ec9521ea09afe4e",
                "sha256:bc633a9fe1eb87e250b5c57d389cf28998e4292336926b0b6cdaee353f89a237",
                "sha256:bebb4d6715c814597f85297c332297c6ce81e29436125ca59d1159b07f423eb1",
                "sha256:c336a6d235522a62fef872c6295a42ecb0c4e1d0f1a3e500fe949415761b8a19",
                "sha256:c6514f963b023aeee506678a1cf821fe31159b925c4b76fe2afa94cc70b3222b",
                "sha256:c693e916709c2465b02ca0ad7b387c4f8423d1db7b4649c551f27a529181c5ad",
                "sha256:c81131869240e3e568916ef4c307f8b99583efaa60a8112ef27a366eefba8ef0",
                "sha256:d02a72df14dfdbaf228424573a07af10637bd490f0901cee872c4f434a735b94",
                "sha256:d2a8fa9d6d6f891f3deec72f5cc668e6f66b188ab14bb1ab52422fe8e644f312",
                "sha256:d2b27e6af28f07e2f195552b37d7d66b150adbaa39a6d327766ffd695799780f",
                "sha256:d2fe69c5434391727efa54b47a1e7986bb0186e72a41b203df8f5b0a19a4f669",
                "sha256:d3f3ed29cd9f978c604708511a1f9c2fdcb6c38b9aae36a51905b8811ee5cbf1",
                "sha256:d573faf8eb7e6b1cbbcb4f5b247c60ca8be39fe2c674495df0eb4318303137fe",
                "sha256:e0bbdd76ce9aa5d4209d65f2b27fc6e5ef1312ae6c5333c26db3f5ade53a1e99",
                "sha256:e7c4ea22b6739b162c9ecaaa41d718dfad48a244909fe7ef4b54c0b530effc5a",
                "sha256:e93e1a4b4b33daed65d781a57a522ff153dcf748dee70b40c7258c5861e1768a",
                "sha256:e97fdf088d4b31ff4ba35db26d9cc472ac7ef4a2ff2badeabf8d727b3377fc52",
                "sha256:e9fa4c9bf273ca41f940bceb86922a7667cd5bf90e95dbb157cbb8441008482c",
                "sha256:eaad4ff2de1c3823fddf82f41121bdf453d922e9a238642b1dedb33c4e4f98ad",
                "sha256:f1f62b2413c3a0e846c3b838b2ecd6c7a19ec6793b2a522745b0869e37ab5bc1",
                "sha256:f6d6cff3538391e8486a431569b77921adfcdef14eb18fbf19b7c0a5294d4e6a",
                "sha256:f9aa05d09ecf4c75157197f27cdc9cfaeb7c5f15021c6373932bf3e124af029f",
                "sha256:fa2fddcb7107e0d1808086ca306dcade7df60a13a6c347a7acf1ec139aa6789a",
                "sha256:faa6b09ee09433b87992fb5a2859efd1c264ddc37280d2dd5db502126d0e7f27"
            ],
            "markers": "python_version >= '3.8'",
            "version": "==2.20.1"
        },
        "pymongo": {
            "hashes": [
                "sha256:02efd1bb3397e24ef2af45923888b41a378ce00cb3a4259c5f4fc3c70497a22f",
                "sha256:0d833651f1ba938bb7501f13e326b96cfbb7d98867b2d545ca6d69c7664903e0",
                "sha256:12c466e02133b7f8f4ff1045c6b5916215c5f7923bc83fd6e28e290cba18f9f6",
                "sha256:12d1fef77d25640cb78893d07ff7d2fac4c4461d8eec45bd3b9ad491a1115d6e",
                "sha256:194065c9d445017b3c82fb85f89aa2055464a080bde604010dc8eb932a6b3c95",
                "sha256:1c78f156edc59b905c80c9003e022e1a764c54fd40ac4fea05b0764f829790e2",
                "sha256:1e37faf298a37ffb3e0809e77fbbb0a32b6a2d18a83c59cfc2a7b794ea1136b0",
                "sha256:25eeb2c18ede63891cbd617943dd9e6b9cbccc54f276e0b2e693a0cc40f243c5",
                "sha256:268d8578c0500012140c5460755ea405cbfe541ef47c81efa9d6744f0f99aeca",
                "sha256:2cb77d09bd012cb4b30636e7e38d00b5f9be5eb521c364bde66490c45ee6c4b4",
                "sha256:347c49cf7f0ba49ea87c1a5a1984187ecc5516b7c753f31938bf7b37462824fd",
                "sha256:35b3f0c7d49724859d4df5f0445818d525824a6cd55074c42573d9b50764df67",
                "sha256:37e9ea81fa59ee9274457ed7d59b6c27f6f2a5fe8e26f184ecf58ea52a019cb8",
                "sha256:47a1a4832ef2f4346dcd1a10a36ade7367ad6905929ddb476459abb4fd1b98cb",
                "sha256:4bdb5ffe1cd3728c9479671a067ef44dacafc3743741d4dc700c377c4231356f",
                "sha256:4ffd1519edbe311df73c74ec338de7d294af535b2748191c866ea3a7c484cd15",
                "sha256:5239776633f7578b81207e5646245415a5a95f6ae5ef5dff8e7c2357e6264bfc",
                "sha256:5239ef7e749f1326ea7564428bf861d5250aa39d7f26d612741b1b1273227062",
                "sha256:56bf8b706946952acdea0fe478f8e44f1ed101c4b87f046859e6c3abe6c0a9f4",
                "sha256:65b4c00dedbd333698b83cd2095a639a6f0d7c4e2a617988f6c65fb46711f028",
                "sha256:6a87eef394039765679f75c6a47455a4030870341cb76eafc349c5944408c882",
                "sha256:727ad07952c155cd20045f2ce91143c7dc4fb01a5b4e8012905a89a7da554b0c",
                "sha256:730778b6f0964b164c187289f906bbc84cb0524df285b7a85aa355bbec43eb21",
                "sha256:743552033c63f0afdb56b9189ab04b5c1dbffd7310cf7156ab98eebcecf24621",
                "sha256:7e9d9d2c0aae73aa4369bd373ac2ac59f02c46d4e56c4b6d6e250cfe85f76802",
                "sha256:82102e353be13f1a6769660dd88115b1da382447672ba1c2662a0fbe3df1d861",
                "sha256:827611beb6c483260d520cfa6a49662d980dfa5368a04296f65fa39e78fccea7",
                "sha256:84bc00200c3cbb6c98a2bb964c9e8284b641e4a33cf10c802390552575ee21de",
                "sha256:87032f818bf5052ab742812c715eff896621385c43f8f97cdd37d15b5d394e95",
                "sha256:87832d6076c2c82f42870157414fd876facbb6554d2faf271ffe7f8f30ce7bed",
                "sha256:87bb453ac3eb44db95cb6d5a616fbc906c1c00661eec7f55696253a6245beb8a",
                "sha256:9024e1661c6e40acf468177bf90ce924d1bc681d2b244adda3ed7b2f4c4d17d7",
                "sha256:9349f0bb17a31371d4cacb64b306e4ca90413a3ad1fffe73ac7cd495570d94b5",
                "sha256:9385654f01a90f73827af4db90c290a1519f7d9102ba43286e187b373e9a78e9",
                "sha256:9a8bd37f5dabc86efceb8d8cbff5969256523d42d08088f098753dba15f3b37a",
                "sha256:9d892fb91e81cccb83f507cdb2ea0aa026ec3ced7f12a1d60f6a5bf0f20f9c1f",
                "sha256:a754e366c404d19ff3f077ddeed64be31e0bb515e04f502bf11987f1baa55a16",
                "sha256:b48a5650ee5320d59f6d570bd99a8d5c58ac6f297a4e9090535f6561469ac32e",
                "sha256:bcf337d1b252405779d9c79978d6ca15eab3cdaa2f44c100a79221bddad97c8a",
                "sha256:c44efab10d9a3db920530f7bcb26af8f408b7273d2f0214081d3891979726328",
                "sha256:c72d16fede22efe7cdd1f422e8da15760e9498024040429362886f946c10fe95",
                "sha256:cb6e00a79dff22c9a72212ad82021b54bdb3b85f38a85f4fc466bde581d7d17a",
                "sha256:ce1a374ea0e49808e0380ffc64284c0ce0f12bd21042b4bef1af3eb7bdf49054",
                "sha256:cecd2df037249d1c74f0af86fb5b766104a5012becac6ff63d85d1de53ba8b98",
                "sha256:cf17ea9cea14d59b0527403dd7106362917ced7c4ec936c4ba22bd36c912c8e0",
                "sha256:cf28430ec1924af1bffed37b69a812339084697fd3f3e781074a0148e6475803",
                "sha256:d1bcd58669e56c08f1e72c5758868b5df169fe267501c949ee83c418e9df9155",
                "sha256:d275596f840018858757561840767b39272ac96436fcb54f5cac6d245393fd97",
                "sha256:d2dcf608d35644e8d276d61bf40a93339d8d66a0e5f3e3f75b2c155a421a1b71",
                "sha256:d4d59776f435564159196d971aa89422ead878174aff8fe18e06d9a0bc6d648c",
                "sha256:d9b6cbc037108ff1a0a867e7670d8513c37f9bcd9ee3d2464411bfabf70ca002",
                "sha256:db4380d1e69fdad1044a4b8f3bb105200542c49a0dde93452d938ff9db1d6d29",
                "sha256:e004527ea42a6b99a8b8d5b42b42762c3bdf80f88fbdb5c3a9d47f3808495b86",
                "sha256:e6eab12c6385526d386543d6823b07187fefba028f0da216506e00f0e1855119",
                "sha256:eb0642e5f0dd7e86bb358749cc278e70b911e617f519989d346f742dc9520dfb",
                "sha256:f91073049c43d14e66696970dd708d319b86ee57ef9af359294eee072abaac79",
                "sha256:fadc6e8db7707c861ebe25b13ad6aca19ea4d2c56bf04a26691f46c23dadf6e4",
                "sha256:fc5af24fcf5fc6f7f40d65446400d45dd12bea933d0299dc9e90c5b22197f1e9",
                "sha256:fcaf8c911cb29316a02356f89dbc0e0dfcc6a712ace217b6b543805690d2aefd",
                "sha256:ffd4d7cb2e6c6e100e2b39606d38a9ffc934e18593dc9bb326196afc7d93ce3d"
            ],
            "markers": "python_version >= '3.7'",
            "version": "==4.7.2"
        },
        "sniffio": {
            "hashes": [
                "sha256:2f6da418d1f1e0fddd844478f41680e794e6051915791a034ff65e5f100525a2",
                "sha256:f4324edc670a0f49750a81b895f35c3adb843cca46f0530f79fc1babb23789dc"
            ],
            "markers": "python_version >= '3.7'",
            "version": "==1.3.1"
        },
        "starlette": {
            "hashes": [
                "sha256:3e2639dac3520e4f58734ed22553f950d3f3cb1001cd2eaac4d57e8cdc5f66bc",
                "sha256:50bbbda9baa098e361f398fda0928062abbaf1f54f4fadcbe17c092a01eb9a25"
            ],
            "markers": "python_version >= '3.8'",
            "version": "==0.35.1"
        },
        "typing-extensions": {
            "hashes": [
                "sha256:04e5ca0351e0f3f85c6853954072df659d0d13fac324d0072316b67d7794700d",
                "sha256:1a7ead55c7e559dd4dee8856e3a88b41225abfe1ce8df57b7c13915fe121ffb8"
            ],
            "markers": "python_version >= '3.8'",
            "version": "==4.12.2"
        },
        "uvicorn": {
            "hashes": [
                "sha256:2a76bb359171a504b3d1c853409af3adbfa5cef374a4a59e5881945a97a93eae",
                "sha256:45ad7dfaaa7d55cab4cd1e85e03f27e9d60bc067ddc59db52a2b0aeca8870292"
            ],
            "index": "pypi",
            "version": "==0.14.0"
        }
    },
    "develop": {}
}
